// !$*UTF8*$!
{
	archiveVersion = 1;
	classes = {
	};
	objectVersion = 56;
	objects = {

/* Begin PBXBuildFile section */
		BD835AE32B9ECF6A002EDF04 /* SwiftUI_PracticeApp.swift in Sources */ = {isa = PBXBuildFile; fileRef = BD835AE22B9ECF6A002EDF04 /* SwiftUI_PracticeApp.swift */; };
		BD835AE52B9ECF6A002EDF04 /* ContentView.swift in Sources */ = {isa = PBXBuildFile; fileRef = BD835AE42B9ECF6A002EDF04 /* ContentView.swift */; };
		BD835AE72B9ECF6B002EDF04 /* Assets.xcassets in Resources */ = {isa = PBXBuildFile; fileRef = BD835AE62B9ECF6B002EDF04 /* Assets.xcassets */; };
		BD835AEA2B9ECF6B002EDF04 /* Preview Assets.xcassets in Resources */ = {isa = PBXBuildFile; fileRef = BD835AE92B9ECF6B002EDF04 /* Preview Assets.xcassets */; };
		BD835AF12B9ED10F002EDF04 /* TextBasic.swift in Sources */ = {isa = PBXBuildFile; fileRef = BD835AF02B9ED10F002EDF04 /* TextBasic.swift */; };
		BD835AF52B9ED649002EDF04 /* ShapeBasic.swift in Sources */ = {isa = PBXBuildFile; fileRef = BD835AF42B9ED649002EDF04 /* ShapeBasic.swift */; };
		BD9FD3612BA015BC005B81FC /* ImageBasic.swift in Sources */ = {isa = PBXBuildFile; fileRef = BD9FD3602BA015BC005B81FC /* ImageBasic.swift */; };
		BD9FD3642BA017C7005B81FC /* FrameBasic.swift in Sources */ = {isa = PBXBuildFile; fileRef = BD9FD3632BA017C7005B81FC /* FrameBasic.swift */; };
		BD9FD3662BA02F92005B81FC /* BackgroundOverlayBasic.swift in Sources */ = {isa = PBXBuildFile; fileRef = BD9FD3652BA02F92005B81FC /* BackgroundOverlayBasic.swift */; };
		BD9FD36A2BA03815005B81FC /* StackBasic.swift in Sources */ = {isa = PBXBuildFile; fileRef = BD9FD3692BA03815005B81FC /* StackBasic.swift */; };
		BDB73D862BBE3C9F0097E2BF /* ConditionalBasic.swift in Sources */ = {isa = PBXBuildFile; fileRef = BDB73D852BBE3C9F0097E2BF /* ConditionalBasic.swift */; };
		BDB73D892BBE3F0D0097E2BF /* TernaryOperatorsBasic.swift in Sources */ = {isa = PBXBuildFile; fileRef = BDB73D882BBE3F0D0097E2BF /* TernaryOperatorsBasic.swift */; };
		BDC424E72BA918700050BFBC /* InitenumBasic.swift in Sources */ = {isa = PBXBuildFile; fileRef = BDC424E62BA918700050BFBC /* InitenumBasic.swift */; };
		BDC424EA2BA91FFE0050BFBC /* ForEachBasic.swift in Sources */ = {isa = PBXBuildFile; fileRef = BDC424E92BA91FFE0050BFBC /* ForEachBasic.swift */; };
		BDC424ED2BA922780050BFBC /* LazyGridBasic.swift in Sources */ = {isa = PBXBuildFile; fileRef = BDC424EC2BA922780050BFBC /* LazyGridBasic.swift */; };
		BDC4BCAF2B9EE10E00BB76E2 /* ColorBasic.swift in Sources */ = {isa = PBXBuildFile; fileRef = BDC4BCAE2B9EE10E00BB76E2 /* ColorBasic.swift */; };
		BDC4BCB22B9EE71800BB76E2 /* GradientBasic.swift in Sources */ = {isa = PBXBuildFile; fileRef = BDC4BCB12B9EE71800BB76E2 /* GradientBasic.swift */; };
		BDD00DC72BA81B2A00178CCA /* PaddingBasic.swift in Sources */ = {isa = PBXBuildFile; fileRef = BDD00DC62BA81B2A00178CCA /* PaddingBasic.swift */; };
		BDD00DCA2BA820DD00178CCA /* SpacerBasic.swift in Sources */ = {isa = PBXBuildFile; fileRef = BDD00DC92BA820DD00178CCA /* SpacerBasic.swift */; };
		BDD00DCD2BA8294600178CCA /* ScrollViewBasic.swift in Sources */ = {isa = PBXBuildFile; fileRef = BDD00DCC2BA8294600178CCA /* ScrollViewBasic.swift */; };
		BDDA5C1E2BBA75E9002092EE /* StateBasic.swift in Sources */ = {isa = PBXBuildFile; fileRef = BDDA5C1D2BBA75E9002092EE /* StateBasic.swift */; };
		BDDA5C212BBA7824002092EE /* ExtractViewBasic.swift in Sources */ = {isa = PBXBuildFile; fileRef = BDDA5C202BBA7824002092EE /* ExtractViewBasic.swift */; };
		BDDF6F632BB28B6400934A86 /* IgnoreSafeAreaBasic.swift in Sources */ = {isa = PBXBuildFile; fileRef = BDDF6F622BB28B6400934A86 /* IgnoreSafeAreaBasic.swift */; };
		BDDF6F662BB291F500934A86 /* ButtonBasic.swift in Sources */ = {isa = PBXBuildFile; fileRef = BDDF6F652BB291F500934A86 /* ButtonBasic.swift */; };
		BDF5B59F2BBBF31600011F79 /* ExtractSubViewBasic.swift in Sources */ = {isa = PBXBuildFile; fileRef = BDF5B59E2BBBF31600011F79 /* ExtractSubViewBasic.swift */; };
		BDF5B5A22BBBF37100011F79 /* ItemBasic.swift in Sources */ = {isa = PBXBuildFile; fileRef = BDF5B5A12BBBF37100011F79 /* ItemBasic.swift */; };
		BDF5B5A52BBBF59500011F79 /* BindingBasic.swift in Sources */ = {isa = PBXBuildFile; fileRef = BDF5B5A42BBBF59500011F79 /* BindingBasic.swift */; };
		BDF5B5A72BBBF61700011F79 /* BindingChild.swift in Sources */ = {isa = PBXBuildFile; fileRef = BDF5B5A62BBBF61700011F79 /* BindingChild.swift */; };
/* End PBXBuildFile section */

/* Begin PBXFileReference section */
		BD835ADF2B9ECF6A002EDF04 /* SwiftUI-Practice.app */ = {isa = PBXFileReference; explicitFileType = wrapper.application; includeInIndex = 0; path = "SwiftUI-Practice.app"; sourceTree = BUILT_PRODUCTS_DIR; };
		BD835AE22B9ECF6A002EDF04 /* SwiftUI_PracticeApp.swift */ = {isa = PBXFileReference; lastKnownFileType = sourcecode.swift; path = SwiftUI_PracticeApp.swift; sourceTree = "<group>"; };
		BD835AE42B9ECF6A002EDF04 /* ContentView.swift */ = {isa = PBXFileReference; lastKnownFileType = sourcecode.swift; path = ContentView.swift; sourceTree = "<group>"; };
		BD835AE62B9ECF6B002EDF04 /* Assets.xcassets */ = {isa = PBXFileReference; lastKnownFileType = folder.assetcatalog; path = Assets.xcassets; sourceTree = "<group>"; };
		BD835AE92B9ECF6B002EDF04 /* Preview Assets.xcassets */ = {isa = PBXFileReference; lastKnownFileType = folder.assetcatalog; path = "Preview Assets.xcassets"; sourceTree = "<group>"; };
		BD835AF02B9ED10F002EDF04 /* TextBasic.swift */ = {isa = PBXFileReference; lastKnownFileType = sourcecode.swift; path = TextBasic.swift; sourceTree = "<group>"; };
		BD835AF42B9ED649002EDF04 /* ShapeBasic.swift */ = {isa = PBXFileReference; lastKnownFileType = sourcecode.swift; path = ShapeBasic.swift; sourceTree = "<group>"; };
		BD9FD3602BA015BC005B81FC /* ImageBasic.swift */ = {isa = PBXFileReference; lastKnownFileType = sourcecode.swift; path = ImageBasic.swift; sourceTree = "<group>"; };
		BD9FD3632BA017C7005B81FC /* FrameBasic.swift */ = {isa = PBXFileReference; lastKnownFileType = sourcecode.swift; path = FrameBasic.swift; sourceTree = "<group>"; };
		BD9FD3652BA02F92005B81FC /* BackgroundOverlayBasic.swift */ = {isa = PBXFileReference; lastKnownFileType = sourcecode.swift; path = BackgroundOverlayBasic.swift; sourceTree = "<group>"; };
		BD9FD3692BA03815005B81FC /* StackBasic.swift */ = {isa = PBXFileReference; lastKnownFileType = sourcecode.swift; path = StackBasic.swift; sourceTree = "<group>"; };
		BDB73D852BBE3C9F0097E2BF /* ConditionalBasic.swift */ = {isa = PBXFileReference; lastKnownFileType = sourcecode.swift; path = ConditionalBasic.swift; sourceTree = "<group>"; };
		BDB73D882BBE3F0D0097E2BF /* TernaryOperatorsBasic.swift */ = {isa = PBXFileReference; lastKnownFileType = sourcecode.swift; path = TernaryOperatorsBasic.swift; sourceTree = "<group>"; };
		BDC424E62BA918700050BFBC /* InitenumBasic.swift */ = {isa = PBXFileReference; lastKnownFileType = sourcecode.swift; path = InitenumBasic.swift; sourceTree = "<group>"; };
		BDC424E92BA91FFE0050BFBC /* ForEachBasic.swift */ = {isa = PBXFileReference; lastKnownFileType = sourcecode.swift; path = ForEachBasic.swift; sourceTree = "<group>"; };
		BDC424EC2BA922780050BFBC /* LazyGridBasic.swift */ = {isa = PBXFileReference; lastKnownFileType = sourcecode.swift; path = LazyGridBasic.swift; sourceTree = "<group>"; };
		BDC4BCAE2B9EE10E00BB76E2 /* ColorBasic.swift */ = {isa = PBXFileReference; lastKnownFileType = sourcecode.swift; path = ColorBasic.swift; sourceTree = "<group>"; };
		BDC4BCB12B9EE71800BB76E2 /* GradientBasic.swift */ = {isa = PBXFileReference; lastKnownFileType = sourcecode.swift; path = GradientBasic.swift; sourceTree = "<group>"; };
		BDD00DC62BA81B2A00178CCA /* PaddingBasic.swift */ = {isa = PBXFileReference; lastKnownFileType = sourcecode.swift; path = PaddingBasic.swift; sourceTree = "<group>"; };
		BDD00DC92BA820DD00178CCA /* SpacerBasic.swift */ = {isa = PBXFileReference; lastKnownFileType = sourcecode.swift; path = SpacerBasic.swift; sourceTree = "<group>"; };
		BDD00DCC2BA8294600178CCA /* ScrollViewBasic.swift */ = {isa = PBXFileReference; lastKnownFileType = sourcecode.swift; path = ScrollViewBasic.swift; sourceTree = "<group>"; };
		BDDA5C1D2BBA75E9002092EE /* StateBasic.swift */ = {isa = PBXFileReference; lastKnownFileType = sourcecode.swift; path = StateBasic.swift; sourceTree = "<group>"; };
		BDDA5C202BBA7824002092EE /* ExtractViewBasic.swift */ = {isa = PBXFileReference; lastKnownFileType = sourcecode.swift; path = ExtractViewBasic.swift; sourceTree = "<group>"; };
		BDDF6F622BB28B6400934A86 /* IgnoreSafeAreaBasic.swift */ = {isa = PBXFileReference; lastKnownFileType = sourcecode.swift; path = IgnoreSafeAreaBasic.swift; sourceTree = "<group>"; };
		BDDF6F652BB291F500934A86 /* ButtonBasic.swift */ = {isa = PBXFileReference; lastKnownFileType = sourcecode.swift; path = ButtonBasic.swift; sourceTree = "<group>"; };
		BDF5B59E2BBBF31600011F79 /* ExtractSubViewBasic.swift */ = {isa = PBXFileReference; lastKnownFileType = sourcecode.swift; path = ExtractSubViewBasic.swift; sourceTree = "<group>"; };
		BDF5B5A12BBBF37100011F79 /* ItemBasic.swift */ = {isa = PBXFileReference; lastKnownFileType = sourcecode.swift; path = ItemBasic.swift; sourceTree = "<group>"; };
		BDF5B5A42BBBF59500011F79 /* BindingBasic.swift */ = {isa = PBXFileReference; lastKnownFileType = sourcecode.swift; path = BindingBasic.swift; sourceTree = "<group>"; };
		BDF5B5A62BBBF61700011F79 /* BindingChild.swift */ = {isa = PBXFileReference; lastKnownFileType = sourcecode.swift; path = BindingChild.swift; sourceTree = "<group>"; };
/* End PBXFileReference section */

/* Begin PBXFrameworksBuildPhase section */
		BD835ADC2B9ECF6A002EDF04 /* Frameworks */ = {
			isa = PBXFrameworksBuildPhase;
			buildActionMask = 2147483647;
			files = (
			);
			runOnlyForDeploymentPostprocessing = 0;
		};
/* End PBXFrameworksBuildPhase section */

/* Begin PBXGroup section */
		BD835AD62B9ECF6A002EDF04 = {
			isa = PBXGroup;
			children = (
				BD835AE12B9ECF6A002EDF04 /* SwiftUI-Practice */,
				BD835AE02B9ECF6A002EDF04 /* Products */,
			);
			sourceTree = "<group>";
		};
		BD835AE02B9ECF6A002EDF04 /* Products */ = {
			isa = PBXGroup;
			children = (
				BD835ADF2B9ECF6A002EDF04 /* SwiftUI-Practice.app */,
			);
			name = Products;
			sourceTree = "<group>";
		};
		BD835AE12B9ECF6A002EDF04 /* SwiftUI-Practice */ = {
			isa = PBXGroup;
			children = (
				BDB73D872BBE3EF60097E2BF /* TernaryOperators */,
				BDB73D842BBE3C900097E2BF /* Conditional */,
				BDF5B5A02BBBF31F00011F79 /* Component */,
				BDF5B5A32BBBF58100011F79 /* Binding */,
				BDF5B59D2BBBF30100011F79 /* ExtractSubView */,
				BDDA5C1F2BBA7814002092EE /* ExtractView */,
				BDDA5C1C2BBA75D9002092EE /* State */,
				BDDF6F642BB291EC00934A86 /* Button */,
				BDDF6F612BB28B3300934A86 /* SafeArea */,
				BDC424EB2BA9226E0050BFBC /* LazyGrid */,
				BDC424E82BA91FEF0050BFBC /* ForEach */,
				BDC424E52BA918330050BFBC /* Init, enum */,
				BDD00DCB2BA8293700178CCA /* ScrollView */,
				BDD00DC82BA820C600178CCA /* Spacer */,
				BDD00DC52BA81B1F00178CCA /* Padding */,
				BD9FD3682BA0380D005B81FC /* Stack */,
				BD9FD3672BA02FC6005B81FC /* BackgroundOverlayBasic */,
				BD9FD3622BA0177F005B81FC /* Frame */,
				BD9FD35F2BA01535005B81FC /* Image */,
				BD9FD35E2BA01528005B81FC /* Gradient */,
				BDC4BCB02B9EE40C00BB76E2 /* Color */,
				BD835AF32B9ED636002EDF04 /* Shape */,
				BD835AF22B9ED62E002EDF04 /* Text */,
				BD835AE22B9ECF6A002EDF04 /* SwiftUI_PracticeApp.swift */,
				BD835AE42B9ECF6A002EDF04 /* ContentView.swift */,
				BD835AE62B9ECF6B002EDF04 /* Assets.xcassets */,
				BD835AE82B9ECF6B002EDF04 /* Preview Content */,
			);
			path = "SwiftUI-Practice";
			sourceTree = "<group>";
		};
		BD835AE82B9ECF6B002EDF04 /* Preview Content */ = {
			isa = PBXGroup;
			children = (
				BD835AE92B9ECF6B002EDF04 /* Preview Assets.xcassets */,
			);
			path = "Preview Content";
			sourceTree = "<group>";
		};
		BD835AF22B9ED62E002EDF04 /* Text */ = {
			isa = PBXGroup;
			children = (
				BD835AF02B9ED10F002EDF04 /* TextBasic.swift */,
			);
			path = Text;
			sourceTree = "<group>";
		};
		BD835AF32B9ED636002EDF04 /* Shape */ = {
			isa = PBXGroup;
			children = (
				BD835AF42B9ED649002EDF04 /* ShapeBasic.swift */,
			);
			path = Shape;
			sourceTree = "<group>";
		};
		BD9FD35E2BA01528005B81FC /* Gradient */ = {
			isa = PBXGroup;
			children = (
				BDC4BCB12B9EE71800BB76E2 /* GradientBasic.swift */,
			);
			path = Gradient;
			sourceTree = "<group>";
		};
		BD9FD35F2BA01535005B81FC /* Image */ = {
			isa = PBXGroup;
			children = (
				BD9FD3602BA015BC005B81FC /* ImageBasic.swift */,
			);
			path = Image;
			sourceTree = "<group>";
		};
		BD9FD3622BA0177F005B81FC /* Frame */ = {
			isa = PBXGroup;
			children = (
				BD9FD3632BA017C7005B81FC /* FrameBasic.swift */,
			);
			path = Frame;
			sourceTree = "<group>";
		};
		BD9FD3672BA02FC6005B81FC /* BackgroundOverlayBasic */ = {
			isa = PBXGroup;
			children = (
				BD9FD3652BA02F92005B81FC /* BackgroundOverlayBasic.swift */,
			);
			path = BackgroundOverlayBasic;
			sourceTree = "<group>";
		};
		BD9FD3682BA0380D005B81FC /* Stack */ = {
			isa = PBXGroup;
			children = (
				BD9FD3692BA03815005B81FC /* StackBasic.swift */,
			);
			path = Stack;
			sourceTree = "<group>";
		};
		BDB73D842BBE3C900097E2BF /* Conditional */ = {
			isa = PBXGroup;
			children = (
				BDB73D852BBE3C9F0097E2BF /* ConditionalBasic.swift */,
			);
			path = Conditional;
			sourceTree = "<group>";
		};
		BDB73D872BBE3EF60097E2BF /* TernaryOperators */ = {
			isa = PBXGroup;
			children = (
				BDB73D882BBE3F0D0097E2BF /* TernaryOperatorsBasic.swift */,
			);
			path = TernaryOperators;
			sourceTree = "<group>";
		};
		BDC424E52BA918330050BFBC /* Init, enum */ = {
			isa = PBXGroup;
			children = (
				BDC424E62BA918700050BFBC /* InitenumBasic.swift */,
			);
			path = "Init, enum";
			sourceTree = "<group>";
		};
		BDC424E82BA91FEF0050BFBC /* ForEach */ = {
			isa = PBXGroup;
			children = (
				BDC424E92BA91FFE0050BFBC /* ForEachBasic.swift */,
			);
			path = ForEach;
			sourceTree = "<group>";
		};
		BDC424EB2BA9226E0050BFBC /* LazyGrid */ = {
			isa = PBXGroup;
			children = (
				BDC424EC2BA922780050BFBC /* LazyGridBasic.swift */,
			);
			path = LazyGrid;
			sourceTree = "<group>";
		};
		BDC4BCB02B9EE40C00BB76E2 /* Color */ = {
			isa = PBXGroup;
			children = (
				BDC4BCAE2B9EE10E00BB76E2 /* ColorBasic.swift */,
			);
			path = Color;
			sourceTree = "<group>";
		};
		BDD00DC52BA81B1F00178CCA /* Padding */ = {
			isa = PBXGroup;
			children = (
				BDD00DC62BA81B2A00178CCA /* PaddingBasic.swift */,
			);
			path = Padding;
			sourceTree = "<group>";
		};
		BDD00DC82BA820C600178CCA /* Spacer */ = {
			isa = PBXGroup;
			children = (
				BDD00DC92BA820DD00178CCA /* SpacerBasic.swift */,
			);
			path = Spacer;
			sourceTree = "<group>";
		};
		BDD00DCB2BA8293700178CCA /* ScrollView */ = {
			isa = PBXGroup;
			children = (
				BDD00DCC2BA8294600178CCA /* ScrollViewBasic.swift */,
			);
			path = ScrollView;
			sourceTree = "<group>";
		};
		BDDA5C1C2BBA75D9002092EE /* State */ = {
			isa = PBXGroup;
			children = (
				BDDA5C1D2BBA75E9002092EE /* StateBasic.swift */,
			);
			path = State;
			sourceTree = "<group>";
		};
		BDDA5C1F2BBA7814002092EE /* ExtractView */ = {
			isa = PBXGroup;
			children = (
				BDDA5C202BBA7824002092EE /* ExtractViewBasic.swift */,
			);
			path = ExtractView;
			sourceTree = "<group>";
		};
		BDDF6F612BB28B3300934A86 /* SafeArea */ = {
			isa = PBXGroup;
			children = (
				BDDF6F622BB28B6400934A86 /* IgnoreSafeAreaBasic.swift */,
			);
			path = SafeArea;
			sourceTree = "<group>";
		};
		BDDF6F642BB291EC00934A86 /* Button */ = {
			isa = PBXGroup;
			children = (
				BDDF6F652BB291F500934A86 /* ButtonBasic.swift */,
			);
			path = Button;
			sourceTree = "<group>";
		};
		BDF5B59D2BBBF30100011F79 /* ExtractSubView */ = {
			isa = PBXGroup;
			children = (
				BDF5B59E2BBBF31600011F79 /* ExtractSubViewBasic.swift */,
			);
			path = ExtractSubView;
			sourceTree = "<group>";
		};
		BDF5B5A02BBBF31F00011F79 /* Component */ = {
			isa = PBXGroup;
			children = (
				BDF5B5A12BBBF37100011F79 /* ItemBasic.swift */,
				BDF5B5A62BBBF61700011F79 /* BindingChild.swift */,
			);
			path = Component;
			sourceTree = "<group>";
		};
		BDF5B5A32BBBF58100011F79 /* Binding */ = {
			isa = PBXGroup;
			children = (
				BDF5B5A42BBBF59500011F79 /* BindingBasic.swift */,
			);
			path = Binding;
			sourceTree = "<group>";
		};
/* End PBXGroup section */

/* Begin PBXNativeTarget section */
		BD835ADE2B9ECF6A002EDF04 /* SwiftUI-Practice */ = {
			isa = PBXNativeTarget;
			buildConfigurationList = BD835AED2B9ECF6B002EDF04 /* Build configuration list for PBXNativeTarget "SwiftUI-Practice" */;
			buildPhases = (
				BD835ADB2B9ECF6A002EDF04 /* Sources */,
				BD835ADC2B9ECF6A002EDF04 /* Frameworks */,
				BD835ADD2B9ECF6A002EDF04 /* Resources */,
			);
			buildRules = (
			);
			dependencies = (
			);
			name = "SwiftUI-Practice";
			productName = "SwiftUI-Practice";
			productReference = BD835ADF2B9ECF6A002EDF04 /* SwiftUI-Practice.app */;
			productType = "com.apple.product-type.application";
		};
/* End PBXNativeTarget section */

/* Begin PBXProject section */
		BD835AD72B9ECF6A002EDF04 /* Project object */ = {
			isa = PBXProject;
			attributes = {
				BuildIndependentTargetsInParallel = 1;
				LastSwiftUpdateCheck = 1500;
				LastUpgradeCheck = 1500;
				TargetAttributes = {
					BD835ADE2B9ECF6A002EDF04 = {
						CreatedOnToolsVersion = 15.0.1;
					};
				};
			};
			buildConfigurationList = BD835ADA2B9ECF6A002EDF04 /* Build configuration list for PBXProject "SwiftUI-Practice" */;
			compatibilityVersion = "Xcode 14.0";
			developmentRegion = en;
			hasScannedForEncodings = 0;
			knownRegions = (
				en,
				Base,
			);
			mainGroup = BD835AD62B9ECF6A002EDF04;
			productRefGroup = BD835AE02B9ECF6A002EDF04 /* Products */;
			projectDirPath = "";
			projectRoot = "";
			targets = (
				BD835ADE2B9ECF6A002EDF04 /* SwiftUI-Practice */,
			);
		};
/* End PBXProject section */

/* Begin PBXResourcesBuildPhase section */
		BD835ADD2B9ECF6A002EDF04 /* Resources */ = {
			isa = PBXResourcesBuildPhase;
			buildActionMask = 2147483647;
			files = (
				BD835AEA2B9ECF6B002EDF04 /* Preview Assets.xcassets in Resources */,
				BD835AE72B9ECF6B002EDF04 /* Assets.xcassets in Resources */,
			);
			runOnlyForDeploymentPostprocessing = 0;
		};
/* End PBXResourcesBuildPhase section */

/* Begin PBXSourcesBuildPhase section */
		BD835ADB2B9ECF6A002EDF04 /* Sources */ = {
			isa = PBXSourcesBuildPhase;
			buildActionMask = 2147483647;
			files = (
				BD9FD3642BA017C7005B81FC /* FrameBasic.swift in Sources */,
				BD9FD36A2BA03815005B81FC /* StackBasic.swift in Sources */,
				BDB73D892BBE3F0D0097E2BF /* TernaryOperatorsBasic.swift in Sources */,
				BDC4BCB22B9EE71800BB76E2 /* GradientBasic.swift in Sources */,
				BDC424E72BA918700050BFBC /* InitenumBasic.swift in Sources */,
				BD835AF12B9ED10F002EDF04 /* TextBasic.swift in Sources */,
				BD835AE52B9ECF6A002EDF04 /* ContentView.swift in Sources */,
				BDC424ED2BA922780050BFBC /* LazyGridBasic.swift in Sources */,
				BD9FD3662BA02F92005B81FC /* BackgroundOverlayBasic.swift in Sources */,
				BDD00DC72BA81B2A00178CCA /* PaddingBasic.swift in Sources */,
				BDB73D862BBE3C9F0097E2BF /* ConditionalBasic.swift in Sources */,
				BD835AF52B9ED649002EDF04 /* ShapeBasic.swift in Sources */,
				BDD00DCA2BA820DD00178CCA /* SpacerBasic.swift in Sources */,
				BDC4BCAF2B9EE10E00BB76E2 /* ColorBasic.swift in Sources */,
				BDDA5C1E2BBA75E9002092EE /* StateBasic.swift in Sources */,
				BDDA5C212BBA7824002092EE /* ExtractViewBasic.swift in Sources */,
				BD9FD3612BA015BC005B81FC /* ImageBasic.swift in Sources */,
				BDC424EA2BA91FFE0050BFBC /* ForEachBasic.swift in Sources */,
				BDDF6F662BB291F500934A86 /* ButtonBasic.swift in Sources */,
				BDDF6F632BB28B6400934A86 /* IgnoreSafeAreaBasic.swift in Sources */,
				BDF5B5A52BBBF59500011F79 /* BindingBasic.swift in Sources */,
				BDD00DCD2BA8294600178CCA /* ScrollViewBasic.swift in Sources */,
				BDF5B5A72BBBF61700011F79 /* BindingChild.swift in Sources */,
				BDF5B59F2BBBF31600011F79 /* ExtractSubViewBasic.swift in Sources */,
				BD835AE32B9ECF6A002EDF04 /* SwiftUI_PracticeApp.swift in Sources */,
				BDF5B5A22BBBF37100011F79 /* ItemBasic.swift in Sources */,
			);
			runOnlyForDeploymentPostprocessing = 0;
		};
/* End PBXSourcesBuildPhase section */

/* Begin XCBuildConfiguration section */
		BD835AEB2B9ECF6B002EDF04 /* Debug */ = {
			isa = XCBuildConfiguration;
			buildSettings = {
				ALWAYS_SEARCH_USER_PATHS = NO;
				ASSETCATALOG_COMPILER_GENERATE_SWIFT_ASSET_SYMBOL_EXTENSIONS = YES;
				CLANG_ANALYZER_NONNULL = YES;
				CLANG_ANALYZER_NUMBER_OBJECT_CONVERSION = YES_AGGRESSIVE;
				CLANG_CXX_LANGUAGE_STANDARD = "gnu++20";
				CLANG_ENABLE_MODULES = YES;
				CLANG_ENABLE_OBJC_ARC = YES;
				CLANG_ENABLE_OBJC_WEAK = YES;
				CLANG_WARN_BLOCK_CAPTURE_AUTORELEASING = YES;
				CLANG_WARN_BOOL_CONVERSION = YES;
				CLANG_WARN_COMMA = YES;
				CLANG_WARN_CONSTANT_CONVERSION = YES;
				CLANG_WARN_DEPRECATED_OBJC_IMPLEMENTATIONS = YES;
				CLANG_WARN_DIRECT_OBJC_ISA_USAGE = YES_ERROR;
				CLANG_WARN_DOCUMENTATION_COMMENTS = YES;
				CLANG_WARN_EMPTY_BODY = YES;
				CLANG_WARN_ENUM_CONVERSION = YES;
				CLANG_WARN_INFINITE_RECURSION = YES;
				CLANG_WARN_INT_CONVERSION = YES;
				CLANG_WARN_NON_LITERAL_NULL_CONVERSION = YES;
				CLANG_WARN_OBJC_IMPLICIT_RETAIN_SELF = YES;
				CLANG_WARN_OBJC_LITERAL_CONVERSION = YES;
				CLANG_WARN_OBJC_ROOT_CLASS = YES_ERROR;
				CLANG_WARN_QUOTED_INCLUDE_IN_FRAMEWORK_HEADER = YES;
				CLANG_WARN_RANGE_LOOP_ANALYSIS = YES;
				CLANG_WARN_STRICT_PROTOTYPES = YES;
				CLANG_WARN_SUSPICIOUS_MOVE = YES;
				CLANG_WARN_UNGUARDED_AVAILABILITY = YES_AGGRESSIVE;
				CLANG_WARN_UNREACHABLE_CODE = YES;
				CLANG_WARN__DUPLICATE_METHOD_MATCH = YES;
				COPY_PHASE_STRIP = NO;
				DEBUG_INFORMATION_FORMAT = dwarf;
				ENABLE_STRICT_OBJC_MSGSEND = YES;
				ENABLE_TESTABILITY = YES;
				ENABLE_USER_SCRIPT_SANDBOXING = YES;
				GCC_C_LANGUAGE_STANDARD = gnu17;
				GCC_DYNAMIC_NO_PIC = NO;
				GCC_NO_COMMON_BLOCKS = YES;
				GCC_OPTIMIZATION_LEVEL = 0;
				GCC_PREPROCESSOR_DEFINITIONS = (
					"DEBUG=1",
					"$(inherited)",
				);
				GCC_WARN_64_TO_32_BIT_CONVERSION = YES;
				GCC_WARN_ABOUT_RETURN_TYPE = YES_ERROR;
				GCC_WARN_UNDECLARED_SELECTOR = YES;
				GCC_WARN_UNINITIALIZED_AUTOS = YES_AGGRESSIVE;
				GCC_WARN_UNUSED_FUNCTION = YES;
				GCC_WARN_UNUSED_VARIABLE = YES;
				IPHONEOS_DEPLOYMENT_TARGET = 17.0;
				LOCALIZATION_PREFERS_STRING_CATALOGS = YES;
				MTL_ENABLE_DEBUG_INFO = INCLUDE_SOURCE;
				MTL_FAST_MATH = YES;
				ONLY_ACTIVE_ARCH = YES;
				SDKROOT = iphoneos;
				SWIFT_ACTIVE_COMPILATION_CONDITIONS = "DEBUG $(inherited)";
				SWIFT_OPTIMIZATION_LEVEL = "-Onone";
			};
			name = Debug;
		};
		BD835AEC2B9ECF6B002EDF04 /* Release */ = {
			isa = XCBuildConfiguration;
			buildSettings = {
				ALWAYS_SEARCH_USER_PATHS = NO;
				ASSETCATALOG_COMPILER_GENERATE_SWIFT_ASSET_SYMBOL_EXTENSIONS = YES;
				CLANG_ANALYZER_NONNULL = YES;
				CLANG_ANALYZER_NUMBER_OBJECT_CONVERSION = YES_AGGRESSIVE;
				CLANG_CXX_LANGUAGE_STANDARD = "gnu++20";
				CLANG_ENABLE_MODULES = YES;
				CLANG_ENABLE_OBJC_ARC = YES;
				CLANG_ENABLE_OBJC_WEAK = YES;
				CLANG_WARN_BLOCK_CAPTURE_AUTORELEASING = YES;
				CLANG_WARN_BOOL_CONVERSION = YES;
				CLANG_WARN_COMMA = YES;
				CLANG_WARN_CONSTANT_CONVERSION = YES;
				CLANG_WARN_DEPRECATED_OBJC_IMPLEMENTATIONS = YES;
				CLANG_WARN_DIRECT_OBJC_ISA_USAGE = YES_ERROR;
				CLANG_WARN_DOCUMENTATION_COMMENTS = YES;
				CLANG_WARN_EMPTY_BODY = YES;
				CLANG_WARN_ENUM_CONVERSION = YES;
				CLANG_WARN_INFINITE_RECURSION = YES;
				CLANG_WARN_INT_CONVERSION = YES;
				CLANG_WARN_NON_LITERAL_NULL_CONVERSION = YES;
				CLANG_WARN_OBJC_IMPLICIT_RETAIN_SELF = YES;
				CLANG_WARN_OBJC_LITERAL_CONVERSION = YES;
				CLANG_WARN_OBJC_ROOT_CLASS = YES_ERROR;
				CLANG_WARN_QUOTED_INCLUDE_IN_FRAMEWORK_HEADER = YES;
				CLANG_WARN_RANGE_LOOP_ANALYSIS = YES;
				CLANG_WARN_STRICT_PROTOTYPES = YES;
				CLANG_WARN_SUSPICIOUS_MOVE = YES;
				CLANG_WARN_UNGUARDED_AVAILABILITY = YES_AGGRESSIVE;
				CLANG_WARN_UNREACHABLE_CODE = YES;
				CLANG_WARN__DUPLICATE_METHOD_MATCH = YES;
				COPY_PHASE_STRIP = NO;
				DEBUG_INFORMATION_FORMAT = "dwarf-with-dsym";
				ENABLE_NS_ASSERTIONS = NO;
				ENABLE_STRICT_OBJC_MSGSEND = YES;
				ENABLE_USER_SCRIPT_SANDBOXING = YES;
				GCC_C_LANGUAGE_STANDARD = gnu17;
				GCC_NO_COMMON_BLOCKS = YES;
				GCC_WARN_64_TO_32_BIT_CONVERSION = YES;
				GCC_WARN_ABOUT_RETURN_TYPE = YES_ERROR;
				GCC_WARN_UNDECLARED_SELECTOR = YES;
				GCC_WARN_UNINITIALIZED_AUTOS = YES_AGGRESSIVE;
				GCC_WARN_UNUSED_FUNCTION = YES;
				GCC_WARN_UNUSED_VARIABLE = YES;
				IPHONEOS_DEPLOYMENT_TARGET = 17.0;
				LOCALIZATION_PREFERS_STRING_CATALOGS = YES;
				MTL_ENABLE_DEBUG_INFO = NO;
				MTL_FAST_MATH = YES;
				SDKROOT = iphoneos;
				SWIFT_COMPILATION_MODE = wholemodule;
				VALIDATE_PRODUCT = YES;
			};
			name = Release;
		};
		BD835AEE2B9ECF6B002EDF04 /* Debug */ = {
			isa = XCBuildConfiguration;
			buildSettings = {
				ASSETCATALOG_COMPILER_APPICON_NAME = AppIcon;
				ASSETCATALOG_COMPILER_GLOBAL_ACCENT_COLOR_NAME = AccentColor;
				CODE_SIGN_IDENTITY = "Apple Development";
				CODE_SIGN_STYLE = Automatic;
				CURRENT_PROJECT_VERSION = 1;
				DEVELOPMENT_ASSET_PATHS = "\"SwiftUI-Practice/Preview Content\"";
				DEVELOPMENT_TEAM = 2274CPFKR7;
				ENABLE_PREVIEWS = YES;
				GENERATE_INFOPLIST_FILE = YES;
				INFOPLIST_KEY_UIApplicationSceneManifest_Generation = YES;
				INFOPLIST_KEY_UIApplicationSupportsIndirectInputEvents = YES;
				INFOPLIST_KEY_UILaunchScreen_Generation = YES;
				INFOPLIST_KEY_UISupportedInterfaceOrientations_iPad = "UIInterfaceOrientationPortrait UIInterfaceOrientationPortraitUpsideDown UIInterfaceOrientationLandscapeLeft UIInterfaceOrientationLandscapeRight";
				INFOPLIST_KEY_UISupportedInterfaceOrientations_iPhone = "UIInterfaceOrientationPortrait UIInterfaceOrientationLandscapeLeft UIInterfaceOrientationLandscapeRight";
				LD_RUNPATH_SEARCH_PATHS = (
					"$(inherited)",
					"@executable_path/Frameworks",
				);
				MARKETING_VERSION = 1.0;
				PRODUCT_BUNDLE_IDENTIFIER = "com.swiftui-practice.personal.SwiftUI-Practice";
				PRODUCT_NAME = "$(TARGET_NAME)";
				PROVISIONING_PROFILE_SPECIFIER = "";
				SWIFT_EMIT_LOC_STRINGS = YES;
				SWIFT_VERSION = 5.0;
				TARGETED_DEVICE_FAMILY = "1,2";
			};
			name = Debug;
		};
		BD835AEF2B9ECF6B002EDF04 /* Release */ = {
			isa = XCBuildConfiguration;
			buildSettings = {
				ASSETCATALOG_COMPILER_APPICON_NAME = AppIcon;
				ASSETCATALOG_COMPILER_GLOBAL_ACCENT_COLOR_NAME = AccentColor;
				CODE_SIGN_IDENTITY = "Apple Development";
				CODE_SIGN_STYLE = Automatic;
				CURRENT_PROJECT_VERSION = 1;
				DEVELOPMENT_ASSET_PATHS = "\"SwiftUI-Practice/Preview Content\"";
				DEVELOPMENT_TEAM = 2274CPFKR7;
				ENABLE_PREVIEWS = YES;
				GENERATE_INFOPLIST_FILE = YES;
				INFOPLIST_KEY_UIApplicationSceneManifest_Generation = YES;
				INFOPLIST_KEY_UIApplicationSupportsIndirectInputEvents = YES;
				INFOPLIST_KEY_UILaunchScreen_Generation = YES;
				INFOPLIST_KEY_UISupportedInterfaceOrientations_iPad = "UIInterfaceOrientationPortrait UIInterfaceOrientationPortraitUpsideDown UIInterfaceOrientationLandscapeLeft UIInterfaceOrientationLandscapeRight";
				INFOPLIST_KEY_UISupportedInterfaceOrientations_iPhone = "UIInterfaceOrientationPortrait UIInterfaceOrientationLandscapeLeft UIInterfaceOrientationLandscapeRight";
				LD_RUNPATH_SEARCH_PATHS = (
					"$(inherited)",
					"@executable_path/Frameworks",
				);
				MARKETING_VERSION = 1.0;
				PRODUCT_BUNDLE_IDENTIFIER = "com.swiftui-practice.personal.SwiftUI-Practice";
				PRODUCT_NAME = "$(TARGET_NAME)";
				PROVISIONING_PROFILE_SPECIFIER = "";
				SWIFT_EMIT_LOC_STRINGS = YES;
				SWIFT_VERSION = 5.0;
				TARGETED_DEVICE_FAMILY = "1,2";
			};
			name = Release;
		};
/* End XCBuildConfiguration section */

/* Begin XCConfigurationList section */
		BD835ADA2B9ECF6A002EDF04 /* Build configuration list for PBXProject "SwiftUI-Practice" */ = {
			isa = XCConfigurationList;
			buildConfigurations = (
				BD835AEB2B9ECF6B002EDF04 /* Debug */,
				BD835AEC2B9ECF6B002EDF04 /* Release */,
			);
			defaultConfigurationIsVisible = 0;
			defaultConfigurationName = Release;
		};
		BD835AED2B9ECF6B002EDF04 /* Build configuration list for PBXNativeTarget "SwiftUI-Practice" */ = {
			isa = XCConfigurationList;
			buildConfigurations = (
				BD835AEE2B9ECF6B002EDF04 /* Debug */,
				BD835AEF2B9ECF6B002EDF04 /* Release */,
			);
			defaultConfigurationIsVisible = 0;
			defaultConfigurationName = Release;
		};
/* End XCConfigurationList section */
	};
	rootObject = BD835AD72B9ECF6A002EDF04 /* Project object */;
}
